
Microsoft Visual Studio Solution File, Format Version 12.00
# Visual Studio 2012
Project("{2150E333-8FDC-42A3-9474-1A3956D46DE8}") = "SolutionFiles", "SolutionFiles", "{1ACB54A8-F051-44E8-B492-8E904B039CC0}"
	ProjectSection(SolutionItems) = preProject
		CommonAssemblyInfo.cs = CommonAssemblyInfo.cs
		DomainDrivenDesign.ruleset = DomainDrivenDesign.ruleset
		DomainDrivenDesign.snk = DomainDrivenDesign.snk
		nuget.config = nuget.config
		Settings.StyleCop = Settings.StyleCop
	EndProjectSection
EndProject
Project("{FAE04EC0-301F-11D3-BF4B-00C04F79EFBC}") = "DomainDrivenDesign", "DomainDrivenDesign\DomainDrivenDesign.csproj", "{1C328E4B-0712-405A-99C5-9AAECC34F0F1}"
EndProject
Project("{2150E333-8FDC-42A3-9474-1A3956D46DE8}") = ".nuget", ".nuget", "{C4DCCA09-3335-4538-AD03-1E76D515FB89}"
	ProjectSection(SolutionItems) = preProject
		.nuget\packages.config = .nuget\packages.config
	EndProjectSection
EndProject
Global
	GlobalSection(SolutionConfigurationPlatforms) = preSolution
		Debug|Any CPU = Debug|Any CPU
		Release|Any CPU = Release|Any CPU
	EndGlobalSection
	GlobalSection(ProjectConfigurationPlatforms) = postSolution
		{1C328E4B-0712-405A-99C5-9AAECC34F0F1}.Debug|Any CPU.ActiveCfg = Debug|Any CPU
		{1C328E4B-0712-405A-99C5-9AAECC34F0F1}.Debug|Any CPU.Build.0 = Debug|Any CPU
		{1C328E4B-0712-405A-99C5-9AAECC34F0F1}.Release|Any CPU.ActiveCfg = Release|Any CPU
		{1C328E4B-0712-405A-99C5-9AAECC34F0F1}.Release|Any CPU.Build.0 = Release|Any CPU
	EndGlobalSection
	GlobalSection(SolutionProperties) = preSolution
		HideSolutionNode = FALSE
	EndGlobalSection
EndGlobal
